// !$*UTF8*$!
{
	archiveVersion = 1;
	classes = {
	};
	objectVersion = 46;
	objects = {

/* Begin PBXBuildFile section */
		3731D6CF1A955FFD00CC6A96 /* LoginViewController.m in Sources */ = {isa = PBXBuildFile; fileRef = 3731D6CE1A955FFD00CC6A96 /* LoginViewController.m */; };
		3731D6D21A956D2D00CC6A96 /* sample.jpg in Resources */ = {isa = PBXBuildFile; fileRef = 3731D6D11A956D2D00CC6A96 /* sample.jpg */; };
		3731D6D51A96979200CC6A96 /* TakeOrTossViewController.m in Sources */ = {isa = PBXBuildFile; fileRef = 3731D6D41A96979200CC6A96 /* TakeOrTossViewController.m */; };
		3731D6D81A96FFB800CC6A96 /* MyCustomSegue.m in Sources */ = {isa = PBXBuildFile; fileRef = 3731D6D71A96FFB800CC6A96 /* MyCustomSegue.m */; };
		3731D6DB1A97E09100CC6A96 /* FriendViewController.m in Sources */ = {isa = PBXBuildFile; fileRef = 3731D6DA1A97E09100CC6A96 /* FriendViewController.m */; };
		3731D6DE1A97E19800CC6A96 /* HomeViewController.m in Sources */ = {isa = PBXBuildFile; fileRef = 3731D6DD1A97E19800CC6A96 /* HomeViewController.m */; };
		37E8631A1A93025F00E899B7 /* main.m in Sources */ = {isa = PBXBuildFile; fileRef = 37E863191A93025F00E899B7 /* main.m */; };
		37E8631D1A93025F00E899B7 /* AppDelegate.m in Sources */ = {isa = PBXBuildFile; fileRef = 37E8631C1A93025F00E899B7 /* AppDelegate.m */; };
		37E863201A93025F00E899B7 /* CameraViewController.m in Sources */ = {isa = PBXBuildFile; fileRef = 37E8631F1A93025F00E899B7 /* CameraViewController.m */; };
		37E863231A93025F00E899B7 /* Main.storyboard in Resources */ = {isa = PBXBuildFile; fileRef = 37E863211A93025F00E899B7 /* Main.storyboard */; };
		37E863251A93025F00E899B7 /* Images.xcassets in Resources */ = {isa = PBXBuildFile; fileRef = 37E863241A93025F00E899B7 /* Images.xcassets */; };
		37E863281A93025F00E899B7 /* LaunchScreen.xib in Resources */ = {isa = PBXBuildFile; fileRef = 37E863261A93025F00E899B7 /* LaunchScreen.xib */; };
		37E863341A93025F00E899B7 /* TakeOrTossTests.m in Sources */ = {isa = PBXBuildFile; fileRef = 37E863331A93025F00E899B7 /* TakeOrTossTests.m */; };
		FD935605501345D1B9645C4B /* libPods.a in Frameworks */ = {isa = PBXBuildFile; fileRef = CCF3EAA903948F3FF45B47F1 /* libPods.a */; settings = {ATTRIBUTES = (Required, ); }; };
/* End PBXBuildFile section */

/* Begin PBXContainerItemProxy section */
		37E8632E1A93025F00E899B7 /* PBXContainerItemProxy */ = {
			isa = PBXContainerItemProxy;
			containerPortal = 37E8630C1A93025F00E899B7 /* Project object */;
			proxyType = 1;
			remoteGlobalIDString = 37E863131A93025F00E899B7;
			remoteInfo = TakeOrToss;
		};
/* End PBXContainerItemProxy section */

/* Begin PBXFileReference section */
		2041B528E7A5EEB2B31E0736 /* Pods.debug.xcconfig */ = {isa = PBXFileReference; includeInIndex = 1; lastKnownFileType = text.xcconfig; name = Pods.debug.xcconfig; path = "Pods/Target Support Files/Pods/Pods.debug.xcconfig"; sourceTree = "<group>"; };
		3731D6CD1A955FFD00CC6A96 /* LoginViewController.h */ = {isa = PBXFileReference; fileEncoding = 4; lastKnownFileType = sourcecode.c.h; path = LoginViewController.h; sourceTree = "<group>"; };
		3731D6CE1A955FFD00CC6A96 /* LoginViewController.m */ = {isa = PBXFileReference; fileEncoding = 4; lastKnownFileType = sourcecode.c.objc; path = LoginViewController.m; sourceTree = "<group>"; };
		3731D6D11A956D2D00CC6A96 /* sample.jpg */ = {isa = PBXFileReference; lastKnownFileType = image.jpeg; path = sample.jpg; sourceTree = "<group>"; };
		3731D6D31A96979200CC6A96 /* TakeOrTossViewController.h */ = {isa = PBXFileReference; fileEncoding = 4; lastKnownFileType = sourcecode.c.h; path = TakeOrTossViewController.h; sourceTree = "<group>"; };
		3731D6D41A96979200CC6A96 /* TakeOrTossViewController.m */ = {isa = PBXFileReference; fileEncoding = 4; lastKnownFileType = sourcecode.c.objc; path = TakeOrTossViewController.m; sourceTree = "<group>"; };
		3731D6D61A96FFB800CC6A96 /* MyCustomSegue.h */ = {isa = PBXFileReference; fileEncoding = 4; lastKnownFileType = sourcecode.c.h; path = MyCustomSegue.h; sourceTree = "<group>"; };
		3731D6D71A96FFB800CC6A96 /* MyCustomSegue.m */ = {isa = PBXFileReference; fileEncoding = 4; lastKnownFileType = sourcecode.c.objc; path = MyCustomSegue.m; sourceTree = "<group>"; };
		3731D6D91A97E09100CC6A96 /* FriendViewController.h */ = {isa = PBXFileReference; fileEncoding = 4; lastKnownFileType = sourcecode.c.h; path = FriendViewController.h; sourceTree = "<group>"; };
		3731D6DA1A97E09100CC6A96 /* FriendViewController.m */ = {isa = PBXFileReference; fileEncoding = 4; lastKnownFileType = sourcecode.c.objc; path = FriendViewController.m; sourceTree = "<group>"; };
		3731D6DC1A97E19800CC6A96 /* HomeViewController.h */ = {isa = PBXFileReference; fileEncoding = 4; lastKnownFileType = sourcecode.c.h; path = HomeViewController.h; sourceTree = "<group>"; };
		3731D6DD1A97E19800CC6A96 /* HomeViewController.m */ = {isa = PBXFileReference; fileEncoding = 4; lastKnownFileType = sourcecode.c.objc; path = HomeViewController.m; sourceTree = "<group>"; };
		37E863141A93025F00E899B7 /* TakeOrToss.app */ = {isa = PBXFileReference; explicitFileType = wrapper.application; includeInIndex = 0; path = TakeOrToss.app; sourceTree = BUILT_PRODUCTS_DIR; };
		37E863181A93025F00E899B7 /* Info.plist */ = {isa = PBXFileReference; lastKnownFileType = text.plist.xml; path = Info.plist; sourceTree = "<group>"; };
		37E863191A93025F00E899B7 /* main.m */ = {isa = PBXFileReference; lastKnownFileType = sourcecode.c.objc; path = main.m; sourceTree = "<group>"; };
		37E8631B1A93025F00E899B7 /* AppDelegate.h */ = {isa = PBXFileReference; lastKnownFileType = sourcecode.c.h; path = AppDelegate.h; sourceTree = "<group>"; };
		37E8631C1A93025F00E899B7 /* AppDelegate.m */ = {isa = PBXFileReference; lastKnownFileType = sourcecode.c.objc; path = AppDelegate.m; sourceTree = "<group>"; };
		37E8631E1A93025F00E899B7 /* CameraViewController.h */ = {isa = PBXFileReference; lastKnownFileType = sourcecode.c.h; path = CameraViewController.h; sourceTree = "<group>"; };
		37E8631F1A93025F00E899B7 /* CameraViewController.m */ = {isa = PBXFileReference; lastKnownFileType = sourcecode.c.objc; path = CameraViewController.m; sourceTree = "<group>"; };
		37E863221A93025F00E899B7 /* Base */ = {isa = PBXFileReference; lastKnownFileType = file.storyboard; name = Base; path = Base.lproj/Main.storyboard; sourceTree = "<group>"; };
		37E863241A93025F00E899B7 /* Images.xcassets */ = {isa = PBXFileReference; lastKnownFileType = folder.assetcatalog; path = Images.xcassets; sourceTree = "<group>"; };
		37E863271A93025F00E899B7 /* Base */ = {isa = PBXFileReference; lastKnownFileType = file.xib; name = Base; path = Base.lproj/LaunchScreen.xib; sourceTree = "<group>"; };
		37E8632D1A93025F00E899B7 /* TakeOrTossTests.xctest */ = {isa = PBXFileReference; explicitFileType = wrapper.cfbundle; includeInIndex = 0; path = TakeOrTossTests.xctest; sourceTree = BUILT_PRODUCTS_DIR; };
		37E863321A93025F00E899B7 /* Info.plist */ = {isa = PBXFileReference; lastKnownFileType = text.plist.xml; path = Info.plist; sourceTree = "<group>"; };
		37E863331A93025F00E899B7 /* TakeOrTossTests.m */ = {isa = PBXFileReference; lastKnownFileType = sourcecode.c.objc; path = TakeOrTossTests.m; sourceTree = "<group>"; };
		CCF3EAA903948F3FF45B47F1 /* libPods.a */ = {isa = PBXFileReference; explicitFileType = archive.ar; includeInIndex = 0; path = libPods.a; sourceTree = BUILT_PRODUCTS_DIR; };
		F652236286FD79B2B367F784 /* Pods.release.xcconfig */ = {isa = PBXFileReference; includeInIndex = 1; lastKnownFileType = text.xcconfig; name = Pods.release.xcconfig; path = "Pods/Target Support Files/Pods/Pods.release.xcconfig"; sourceTree = "<group>"; };
/* End PBXFileReference section */

/* Begin PBXFrameworksBuildPhase section */
		37E863111A93025F00E899B7 /* Frameworks */ = {
			isa = PBXFrameworksBuildPhase;
			buildActionMask = 2147483647;
			files = (
				FD935605501345D1B9645C4B /* libPods.a in Frameworks */,
			);
			runOnlyForDeploymentPostprocessing = 0;
		};
		37E8632A1A93025F00E899B7 /* Frameworks */ = {
			isa = PBXFrameworksBuildPhase;
			buildActionMask = 2147483647;
			files = (
			);
			runOnlyForDeploymentPostprocessing = 0;
		};
/* End PBXFrameworksBuildPhase section */

/* Begin PBXGroup section */
		3731D6D01A956CF300CC6A96 /* Resources */ = {
			isa = PBXGroup;
			children = (
				3731D6D11A956D2D00CC6A96 /* sample.jpg */,
			);
			name = Resources;
			sourceTree = "<group>";
		};
		37E8630B1A93025F00E899B7 = {
			isa = PBXGroup;
			children = (
				37E863161A93025F00E899B7 /* TakeOrToss */,
				37E863301A93025F00E899B7 /* TakeOrTossTests */,
				37E863151A93025F00E899B7 /* Products */,
				BB8E5F901C23816062DEF2EC /* Pods */,
				C7431F109A536FDF03F0315C /* Frameworks */,
			);
			sourceTree = "<group>";
		};
		37E863151A93025F00E899B7 /* Products */ = {
			isa = PBXGroup;
			children = (
				37E863141A93025F00E899B7 /* TakeOrToss.app */,
				37E8632D1A93025F00E899B7 /* TakeOrTossTests.xctest */,
			);
			name = Products;
			sourceTree = "<group>";
		};
		37E863161A93025F00E899B7 /* TakeOrToss */ = {
			isa = PBXGroup;
			children = (
				3731D6D01A956CF300CC6A96 /* Resources */,
				37E8631B1A93025F00E899B7 /* AppDelegate.h */,
				37E8631C1A93025F00E899B7 /* AppDelegate.m */,
				37E8631E1A93025F00E899B7 /* CameraViewController.h */,
				37E8631F1A93025F00E899B7 /* CameraViewController.m */,
				37E863211A93025F00E899B7 /* Main.storyboard */,
				37E863241A93025F00E899B7 /* Images.xcassets */,
				37E863261A93025F00E899B7 /* LaunchScreen.xib */,
				37E863171A93025F00E899B7 /* Supporting Files */,
				3731D6CD1A955FFD00CC6A96 /* LoginViewController.h */,
				3731D6CE1A955FFD00CC6A96 /* LoginViewController.m */,
				3731D6D31A96979200CC6A96 /* TakeOrTossViewController.h */,
				3731D6D41A96979200CC6A96 /* TakeOrTossViewController.m */,
				3731D6D61A96FFB800CC6A96 /* MyCustomSegue.h */,
				3731D6D71A96FFB800CC6A96 /* MyCustomSegue.m */,
				3731D6D91A97E09100CC6A96 /* FriendViewController.h */,
				3731D6DA1A97E09100CC6A96 /* FriendViewController.m */,
				3731D6DC1A97E19800CC6A96 /* HomeViewController.h */,
				3731D6DD1A97E19800CC6A96 /* HomeViewController.m */,
			);
			path = TakeOrToss;
			sourceTree = "<group>";
		};
		37E863171A93025F00E899B7 /* Supporting Files */ = {
			isa = PBXGroup;
			children = (
				37E863181A93025F00E899B7 /* Info.plist */,
				37E863191A93025F00E899B7 /* main.m */,
			);
			name = "Supporting Files";
			sourceTree = "<group>";
		};
		37E863301A93025F00E899B7 /* TakeOrTossTests */ = {
			isa = PBXGroup;
			children = (
				37E863331A93025F00E899B7 /* TakeOrTossTests.m */,
				37E863311A93025F00E899B7 /* Supporting Files */,
			);
			path = TakeOrTossTests;
			sourceTree = "<group>";
		};
		37E863311A93025F00E899B7 /* Supporting Files */ = {
			isa = PBXGroup;
			children = (
				37E863321A93025F00E899B7 /* Info.plist */,
			);
			name = "Supporting Files";
			sourceTree = "<group>";
		};
		BB8E5F901C23816062DEF2EC /* Pods */ = {
			isa = PBXGroup;
			children = (
				2041B528E7A5EEB2B31E0736 /* Pods.debug.xcconfig */,
				F652236286FD79B2B367F784 /* Pods.release.xcconfig */,
			);
			name = Pods;
			sourceTree = "<group>";
		};
		C7431F109A536FDF03F0315C /* Frameworks */ = {
			isa = PBXGroup;
			children = (
				CCF3EAA903948F3FF45B47F1 /* libPods.a */,
			);
			name = Frameworks;
			sourceTree = "<group>";
		};
/* End PBXGroup section */

/* Begin PBXNativeTarget section */
		37E863131A93025F00E899B7 /* TakeOrToss */ = {
			isa = PBXNativeTarget;
			buildConfigurationList = 37E863371A93025F00E899B7 /* Build configuration list for PBXNativeTarget "TakeOrToss" */;
			buildPhases = (
				2DB7B658B842F7C4133B5552 /* Check Pods Manifest.lock */,
				37E863101A93025F00E899B7 /* Sources */,
				37E863111A93025F00E899B7 /* Frameworks */,
				37E863121A93025F00E899B7 /* Resources */,
				39E2047E0DEC84627D586ECA /* Copy Pods Resources */,
			);
			buildRules = (
			);
			dependencies = (
			);
			name = TakeOrToss;
			productName = TakeOrToss;
			productReference = 37E863141A93025F00E899B7 /* TakeOrToss.app */;
			productType = "com.apple.product-type.application";
		};
		37E8632C1A93025F00E899B7 /* TakeOrTossTests */ = {
			isa = PBXNativeTarget;
			buildConfigurationList = 37E8633A1A93025F00E899B7 /* Build configuration list for PBXNativeTarget "TakeOrTossTests" */;
			buildPhases = (
				37E863291A93025F00E899B7 /* Sources */,
				37E8632A1A93025F00E899B7 /* Frameworks */,
				37E8632B1A93025F00E899B7 /* Resources */,
			);
			buildRules = (
			);
			dependencies = (
				37E8632F1A93025F00E899B7 /* PBXTargetDependency */,
			);
			name = TakeOrTossTests;
			productName = TakeOrTossTests;
			productReference = 37E8632D1A93025F00E899B7 /* TakeOrTossTests.xctest */;
			productType = "com.apple.product-type.bundle.unit-test";
		};
/* End PBXNativeTarget section */

/* Begin PBXProject section */
		37E8630C1A93025F00E899B7 /* Project object */ = {
			isa = PBXProject;
			attributes = {
				LastUpgradeCheck = 0600;
				ORGANIZATIONNAME = "Noppanit Charassinvichai";
				TargetAttributes = {
					37E863131A93025F00E899B7 = {
						CreatedOnToolsVersion = 6.0.1;
						DevelopmentTeam = ZP487E5992;
					};
					37E8632C1A93025F00E899B7 = {
						CreatedOnToolsVersion = 6.0.1;
						DevelopmentTeam = ZP487E5992;
						TestTargetID = 37E863131A93025F00E899B7;
					};
				};
			};
			buildConfigurationList = 37E8630F1A93025F00E899B7 /* Build configuration list for PBXProject "TakeOrToss" */;
			compatibilityVersion = "Xcode 3.2";
			developmentRegion = English;
			hasScannedForEncodings = 0;
			knownRegions = (
				en,
				Base,
			);
			mainGroup = 37E8630B1A93025F00E899B7;
			productRefGroup = 37E863151A93025F00E899B7 /* Products */;
			projectDirPath = "";
			projectRoot = "";
			targets = (
				37E863131A93025F00E899B7 /* TakeOrToss */,
				37E8632C1A93025F00E899B7 /* TakeOrTossTests */,
			);
		};
/* End PBXProject section */

/* Begin PBXResourcesBuildPhase section */
		37E863121A93025F00E899B7 /* Resources */ = {
			isa = PBXResourcesBuildPhase;
			buildActionMask = 2147483647;
			files = (
				37E863231A93025F00E899B7 /* Main.storyboard in Resources */,
				37E863281A93025F00E899B7 /* LaunchScreen.xib in Resources */,
				37E863251A93025F00E899B7 /* Images.xcassets in Resources */,
				3731D6D21A956D2D00CC6A96 /* sample.jpg in Resources */,
			);
			runOnlyForDeploymentPostprocessing = 0;
		};
		37E8632B1A93025F00E899B7 /* Resources */ = {
			isa = PBXResourcesBuildPhase;
			buildActionMask = 2147483647;
			files = (
			);
			runOnlyForDeploymentPostprocessing = 0;
		};
/* End PBXResourcesBuildPhase section */

/* Begin PBXShellScriptBuildPhase section */
		2DB7B658B842F7C4133B5552 /* Check Pods Manifest.lock */ = {
			isa = PBXShellScriptBuildPhase;
			buildActionMask = 2147483647;
			files = (
			);
			inputPaths = (
			);
			name = "Check Pods Manifest.lock";
			outputPaths = (
			);
			runOnlyForDeploymentPostprocessing = 0;
			shellPath = /bin/sh;
			shellScript = "diff \"${PODS_ROOT}/../Podfile.lock\" \"${PODS_ROOT}/Manifest.lock\" > /dev/null\nif [[ $? != 0 ]] ; then\n    cat << EOM\nerror: The sandbox is not in sync with the Podfile.lock. Run 'pod install' or update your CocoaPods installation.\nEOM\n    exit 1\nfi\n";
			showEnvVarsInLog = 0;
		};
		39E2047E0DEC84627D586ECA /* Copy Pods Resources */ = {
			isa = PBXShellScriptBuildPhase;
			buildActionMask = 2147483647;
			files = (
			);
			inputPaths = (
			);
			name = "Copy Pods Resources";
			outputPaths = (
			);
			runOnlyForDeploymentPostprocessing = 0;
			shellPath = /bin/sh;
			shellScript = "\"${SRCROOT}/Pods/Target Support Files/Pods/Pods-resources.sh\"\n";
			showEnvVarsInLog = 0;
		};
/* End PBXShellScriptBuildPhase section */

/* Begin PBXSourcesBuildPhase section */
		37E863101A93025F00E899B7 /* Sources */ = {
			isa = PBXSourcesBuildPhase;
			buildActionMask = 2147483647;
			files = (
				3731D6D81A96FFB800CC6A96 /* MyCustomSegue.m in Sources */,
				3731D6CF1A955FFD00CC6A96 /* LoginViewController.m in Sources */,
				37E863201A93025F00E899B7 /* CameraViewController.m in Sources */,
				3731D6D51A96979200CC6A96 /* TakeOrTossViewController.m in Sources */,
				3731D6DB1A97E09100CC6A96 /* FriendViewController.m in Sources */,
				37E8631D1A93025F00E899B7 /* AppDelegate.m in Sources */,
				37E8631A1A93025F00E899B7 /* main.m in Sources */,
				3731D6DE1A97E19800CC6A96 /* HomeViewController.m in Sources */,
			);
			runOnlyForDeploymentPostprocessing = 0;
		};
		37E863291A93025F00E899B7 /* Sources */ = {
			isa = PBXSourcesBuildPhase;
			buildActionMask = 2147483647;
			files = (
				37E863341A93025F00E899B7 /* TakeOrTossTests.m in Sources */,
			);
			runOnlyForDeploymentPostprocessing = 0;
		};
/* End PBXSourcesBuildPhase section */

/* Begin PBXTargetDependency section */
		37E8632F1A93025F00E899B7 /* PBXTargetDependency */ = {
			isa = PBXTargetDependency;
			target = 37E863131A93025F00E899B7 /* TakeOrToss */;
			targetProxy = 37E8632E1A93025F00E899B7 /* PBXContainerItemProxy */;
		};
/* End PBXTargetDependency section */

/* Begin PBXVariantGroup section */
		37E863211A93025F00E899B7 /* Main.storyboard */ = {
			isa = PBXVariantGroup;
			children = (
				37E863221A93025F00E899B7 /* Base */,
			);
			name = Main.storyboard;
			sourceTree = "<group>";
		};
		37E863261A93025F00E899B7 /* LaunchScreen.xib */ = {
			isa = PBXVariantGroup;
			children = (
				37E863271A93025F00E899B7 /* Base */,
			);
			name = LaunchScreen.xib;
			sourceTree = "<group>";
		};
/* End PBXVariantGroup section */

/* Begin XCBuildConfiguration section */
		37E863351A93025F00E899B7 /* Debug */ = {
			isa = XCBuildConfiguration;
			buildSettings = {
				ALWAYS_SEARCH_USER_PATHS = NO;
				CLANG_CXX_LANGUAGE_STANDARD = "gnu++0x";
				CLANG_CXX_LIBRARY = "libc++";
				CLANG_ENABLE_MODULES = YES;
				CLANG_ENABLE_OBJC_ARC = YES;
				CLANG_WARN_BOOL_CONVERSION = YES;
				CLANG_WARN_CONSTANT_CONVERSION = YES;
				CLANG_WARN_DIRECT_OBJC_ISA_USAGE = YES_ERROR;
				CLANG_WARN_EMPTY_BODY = YES;
				CLANG_WARN_ENUM_CONVERSION = YES;
				CLANG_WARN_INT_CONVERSION = YES;
				CLANG_WARN_OBJC_ROOT_CLASS = YES_ERROR;
				CLANG_WARN_UNREACHABLE_CODE = YES;
				CLANG_WARN__DUPLICATE_METHOD_MATCH = YES;
				"CODE_SIGN_IDENTITY[sdk=iphoneos*]" = "iPhone Developer";
				COPY_PHASE_STRIP = NO;
				ENABLE_STRICT_OBJC_MSGSEND = YES;
				GCC_C_LANGUAGE_STANDARD = gnu99;
				GCC_DYNAMIC_NO_PIC = NO;
				GCC_OPTIMIZATION_LEVEL = 0;
				GCC_PREPROCESSOR_DEFINITIONS = (
					"DEBUG=1",
					"$(inherited)",
				);
				GCC_SYMBOLS_PRIVATE_EXTERN = NO;
				GCC_WARN_64_TO_32_BIT_CONVERSION = YES;
				GCC_WARN_ABOUT_RETURN_TYPE = YES_ERROR;
				GCC_WARN_UNDECLARED_SELECTOR = YES;
				GCC_WARN_UNINITIALIZED_AUTOS = YES_AGGRESSIVE;
				GCC_WARN_UNUSED_FUNCTION = YES;
				GCC_WARN_UNUSED_VARIABLE = YES;
				IPHONEOS_DEPLOYMENT_TARGET = 8.0;
				MTL_ENABLE_DEBUG_INFO = YES;
				ONLY_ACTIVE_ARCH = YES;
				SDKROOT = iphoneos;
			};
			name = Debug;
		};
		37E863361A93025F00E899B7 /* Release */ = {
			isa = XCBuildConfiguration;
			buildSettings = {
				ALWAYS_SEARCH_USER_PATHS = NO;
				CLANG_CXX_LANGUAGE_STANDARD = "gnu++0x";
				CLANG_CXX_LIBRARY = "libc++";
				CLANG_ENABLE_MODULES = YES;
				CLANG_ENABLE_OBJC_ARC = YES;
				CLANG_WARN_BOOL_CONVERSION = YES;
				CLANG_WARN_CONSTANT_CONVERSION = YES;
				CLANG_WARN_DIRECT_OBJC_ISA_USAGE = YES_ERROR;
				CLANG_WARN_EMPTY_BODY = YES;
				CLANG_WARN_ENUM_CONVERSION = YES;
				CLANG_WARN_INT_CONVERSION = YES;
				CLANG_WARN_OBJC_ROOT_CLASS = YES_ERROR;
				CLANG_WARN_UNREACHABLE_CODE = YES;
				CLANG_WARN__DUPLICATE_METHOD_MATCH = YES;
				"CODE_SIGN_IDENTITY[sdk=iphoneos*]" = "iPhone Developer";
				COPY_PHASE_STRIP = YES;
				ENABLE_NS_ASSERTIONS = NO;
				ENABLE_STRICT_OBJC_MSGSEND = YES;
				GCC_C_LANGUAGE_STANDARD = gnu99;
				GCC_WARN_64_TO_32_BIT_CONVERSION = YES;
				GCC_WARN_ABOUT_RETURN_TYPE = YES_ERROR;
				GCC_WARN_UNDECLARED_SELECTOR = YES;
				GCC_WARN_UNINITIALIZED_AUTOS = YES_AGGRESSIVE;
				GCC_WARN_UNUSED_FUNCTION = YES;
				GCC_WARN_UNUSED_VARIABLE = YES;
				IPHONEOS_DEPLOYMENT_TARGET = 8.0;
				MTL_ENABLE_DEBUG_INFO = NO;
				SDKROOT = iphoneos;
				VALIDATE_PRODUCT = YES;
			};
			name = Release;
		};
		37E863381A93025F00E899B7 /* Debug */ = {
			isa = XCBuildConfiguration;
			baseConfigurationReference = 2041B528E7A5EEB2B31E0736 /* Pods.debug.xcconfig */;
			buildSettings = {
				ASSETCATALOG_COMPILER_APPICON_NAME = AppIcon;
				FRAMEWORK_SEARCH_PATHS = (
					"$(inherited)",
					"$(PROJECT_DIR)/TakeOrToss",
				);
				INFOPLIST_FILE = TakeOrToss/Info.plist;
				LD_RUNPATH_SEARCH_PATHS = "$(inherited) @executable_path/Frameworks";
				PRODUCT_NAME = "$(TARGET_NAME)";
			};
			name = Debug;
		};
		37E863391A93025F00E899B7 /* Release */ = {
			isa = XCBuildConfiguration;
			baseConfigurationReference = F652236286FD79B2B367F784 /* Pods.release.xcconfig */;
			buildSettings = {
				ASSETCATALOG_COMPILER_APPICON_NAME = AppIcon;
				FRAMEWORK_SEARCH_PATHS = (
					"$(inherited)",
					"$(PROJECT_DIR)/TakeOrToss",
				);
				INFOPLIST_FILE = TakeOrToss/Info.plist;
				LD_RUNPATH_SEARCH_PATHS = "$(inherited) @executable_path/Frameworks";
				PRODUCT_NAME = "$(TARGET_NAME)";
			};
			name = Release;
		};
		37E8633B1A93025F00E899B7 /* Debug */ = {
			isa = XCBuildConfiguration;
			buildSettings = {
				BUNDLE_LOADER = "$(TEST_HOST)";
				CODE_SIGN_IDENTITY = "iPhone Developer";
				"CODE_SIGN_IDENTITY[sdk=iphoneos*]" = "iPhone Developer";
				FRAMEWORK_SEARCH_PATHS = (
					"$(SDKROOT)/Developer/Library/Frameworks",
					"$(inherited)",
				);
				GCC_PREPROCESSOR_DEFINITIONS = (
					"DEBUG=1",
					"$(inherited)",
				);
				INFOPLIST_FILE = TakeOrTossTests/Info.plist;
				LD_RUNPATH_SEARCH_PATHS = "$(inherited) @executable_path/Frameworks @loader_path/Frameworks";
				PRODUCT_NAME = "$(TARGET_NAME)";
				PROVISIONING_PROFILE = "";
				TEST_HOST = "$(BUILT_PRODUCTS_DIR)/TakeOrToss.app/TakeOrToss";
			};
			name = Debug;
		};
		37E8633C1A93025F00E899B7 /* Release */ = {
			isa = XCBuildConfiguration;
			buildSettings = {
				BUNDLE_LOADER = "$(TEST_HOST)";
				CODE_SIGN_IDENTITY = "iPhone Developer";
				"CODE_SIGN_IDENTITY[sdk=iphoneos*]" = "iPhone Developer";
				FRAMEWORK_SEARCH_PATHS = (
					"$(SDKROOT)/Developer/Library/Frameworks",
					"$(inherited)",
				);
				INFOPLIST_FILE = TakeOrTossTests/Info.plist;
				LD_RUNPATH_SEARCH_PATHS = "$(inherited) @executable_path/Frameworks @loader_path/Frameworks";
				PRODUCT_NAME = "$(TARGET_NAME)";
				PROVISIONING_PROFILE = "";
				TEST_HOST = "$(BUILT_PRODUCTS_DIR)/TakeOrToss.app/TakeOrToss";
			};
			name = Release;
		};
/* End XCBuildConfiguration section */

/* Begin XCConfigurationList section */
		37E8630F1A93025F00E899B7 /* Build configuration list for PBXProject "TakeOrToss" */ = {
			isa = XCConfigurationList;
			buildConfigurations = (
				37E863351A93025F00E899B7 /* Debug */,
				37E863361A93025F00E899B7 /* Release */,
			);
			defaultConfigurationIsVisible = 0;
			defaultConfigurationName = Release;
		};
		37E863371A93025F00E899B7 /* Build configuration list for PBXNativeTarget "TakeOrToss" */ = {
			isa = XCConfigurationList;
			buildConfigurations = (
				37E863381A93025F00E899B7 /* Debug */,
				37E863391A93025F00E899B7 /* Release */,
			);
			defaultConfigurationIsVisible = 0;
			defaultConfigurationName = Release;
		};
		37E8633A1A93025F00E899B7 /* Build configuration list for PBXNativeTarget "TakeOrTossTests" */ = {
			isa = XCConfigurationList;
			buildConfigurations = (
				37E8633B1A93025F00E899B7 /* Debug */,
				37E8633C1A93025F00E899B7 /* Release */,
			);
			defaultConfigurationIsVisible = 0;
			defaultConfigurationName = Release;
		};
/* End XCConfigurationList section */
	};
	rootObject = 37E8630C1A93025F00E899B7 /* Project object */;
}
